
Microsoft Visual Studio Solution File, Format Version 12.00
# Visual Studio Version 17
VisualStudioVersion = 17.5.33424.131
MinimumVisualStudioVersion = 10.0.40219.1
Project("{FAE04EC0-301F-11D3-BF4B-00C04F79EFBC}") = "BasicABV.Modules", "BasicABV.Modules\BasicABV.Modules.csproj", "{5AD70FC6-450E-4ADD-92FC-A735FF29BED4}"
EndProject
Project("{FAE04EC0-301F-11D3-BF4B-00C04F79EFBC}") = "BasicABV.Web", "BasicABV.Web\BasicABV.Web.csproj", "{1671228C-F1BD-4492-B083-E86B825C069B}"
EndProject
Global
	GlobalSection(SolutionConfigurationPlatforms) = preSolution
		Debug|Any CPU = Debug|Any CPU
		Release|Any CPU = Release|Any CPU
	EndGlobalSection
	GlobalSection(ProjectConfigurationPlatforms) = postSolution
		{5AD70FC6-450E-4ADD-92FC-A735FF29BED4}.Debug|Any CPU.ActiveCfg = Debug|Any CPU
		{5AD70FC6-450E-4ADD-92FC-A735FF29BED4}.Debug|Any CPU.Build.0 = Debug|Any CPU
		{5AD70FC6-450E-4ADD-92FC-A735FF29BED4}.Release|Any CPU.ActiveCfg = Release|Any CPU
		{5AD70FC6-450E-4ADD-92FC-A735FF29BED4}.Release|Any CPU.Build.0 = Release|Any CPU
		{1671228C-F1BD-4492-B083-E86B825C069B}.Debug|Any CPU.ActiveCfg = Debug|Any CPU
		{1671228C-F1BD-4492-B083-E86B825C069B}.Debug|Any CPU.Build.0 = Debug|Any CPU
		{1671228C-F1BD-4492-B083-E86B825C069B}.Release|Any CPU.ActiveCfg = Release|Any CPU
		{1671228C-F1BD-4492-B083-E86B825C069B}.Release|Any CPU.Build.0 = Release|Any CPU
	EndGlobalSection
	GlobalSection(SolutionProperties) = preSolution
		HideSolutionNode = FALSE
	EndGlobalSection
	GlobalSection(ExtensibilityGlobals) = postSolution
		SolutionGuid = {92DEDD2B-249D-49C9-8855-4845F82E3F77}
	EndGlobalSection
EndGlobal
